// !$*UTF8*$!
{
	archiveVersion = 1;
	classes = {
	};
	objectVersion = 50;
	objects = {

/* Begin PBXBuildFile section */
		A52E77FD2551D1F9002B8B9E /* AppDelegate.swift in Sources */ = {isa = PBXBuildFile; fileRef = A52E77FC2551D1F9002B8B9E /* AppDelegate.swift */; };
		A52E77FF2551D1F9002B8B9E /* SceneDelegate.swift in Sources */ = {isa = PBXBuildFile; fileRef = A52E77FE2551D1F9002B8B9E /* SceneDelegate.swift */; };
		A52E78012551D1F9002B8B9E /* ViewController.swift in Sources */ = {isa = PBXBuildFile; fileRef = A52E78002551D1F9002B8B9E /* ViewController.swift */; };
		A52E78042551D1F9002B8B9E /* Main.storyboard in Resources */ = {isa = PBXBuildFile; fileRef = A52E78022551D1F9002B8B9E /* Main.storyboard */; };
		A52E78062551D1FB002B8B9E /* Assets.xcassets in Resources */ = {isa = PBXBuildFile; fileRef = A52E78052551D1FB002B8B9E /* Assets.xcassets */; };
		A52E78092551D1FB002B8B9E /* LaunchScreen.storyboard in Resources */ = {isa = PBXBuildFile; fileRef = A52E78072551D1FB002B8B9E /* LaunchScreen.storyboard */; };
		A52E78142551D1FC002B8B9E /* TodayTests.swift in Sources */ = {isa = PBXBuildFile; fileRef = A52E78132551D1FC002B8B9E /* TodayTests.swift */; };
		A52E781F2551D1FC002B8B9E /* TodayUITests.swift in Sources */ = {isa = PBXBuildFile; fileRef = A52E781E2551D1FC002B8B9E /* TodayUITests.swift */; };
/* End PBXBuildFile section */

/* Begin PBXContainerItemProxy section */
		A52E78102551D1FC002B8B9E /* PBXContainerItemProxy */ = {
			isa = PBXContainerItemProxy;
			containerPortal = A52E77F12551D1F9002B8B9E /* Project object */;
			proxyType = 1;
			remoteGlobalIDString = A52E77F82551D1F9002B8B9E;
			remoteInfo = Today;
		};
		A52E781B2551D1FC002B8B9E /* PBXContainerItemProxy */ = {
			isa = PBXContainerItemProxy;
			containerPortal = A52E77F12551D1F9002B8B9E /* Project object */;
			proxyType = 1;
			remoteGlobalIDString = A52E77F82551D1F9002B8B9E;
			remoteInfo = Today;
		};
/* End PBXContainerItemProxy section */

/* Begin PBXFileReference section */
		A52E77F92551D1F9002B8B9E /* Today.app */ = {isa = PBXFileReference; explicitFileType = wrapper.application; includeInIndex = 0; path = Today.app; sourceTree = BUILT_PRODUCTS_DIR; };
		A52E77FC2551D1F9002B8B9E /* AppDelegate.swift */ = {isa = PBXFileReference; lastKnownFileType = sourcecode.swift; path = AppDelegate.swift; sourceTree = "<group>"; };
		A52E77FE2551D1F9002B8B9E /* SceneDelegate.swift */ = {isa = PBXFileReference; lastKnownFileType = sourcecode.swift; path = SceneDelegate.swift; sourceTree = "<group>"; };
		A52E78002551D1F9002B8B9E /* ViewController.swift */ = {isa = PBXFileReference; lastKnownFileType = sourcecode.swift; path = ViewController.swift; sourceTree = "<group>"; };
		A52E78032551D1F9002B8B9E /* Base */ = {isa = PBXFileReference; lastKnownFileType = file.storyboard; name = Base; path = Base.lproj/Main.storyboard; sourceTree = "<group>"; };
		A52E78052551D1FB002B8B9E /* Assets.xcassets */ = {isa = PBXFileReference; lastKnownFileType = folder.assetcatalog; path = Assets.xcassets; sourceTree = "<group>"; };
		A52E78082551D1FB002B8B9E /* Base */ = {isa = PBXFileReference; lastKnownFileType = file.storyboard; name = Base; path = Base.lproj/LaunchScreen.storyboard; sourceTree = "<group>"; };
		A52E780A2551D1FB002B8B9E /* Info.plist */ = {isa = PBXFileReference; lastKnownFileType = text.plist.xml; path = Info.plist; sourceTree = "<group>"; };
		A52E780F2551D1FC002B8B9E /* TodayTests.xctest */ = {isa = PBXFileReference; explicitFileType = wrapper.cfbundle; includeInIndex = 0; path = TodayTests.xctest; sourceTree = BUILT_PRODUCTS_DIR; };
		A52E78132551D1FC002B8B9E /* TodayTests.swift */ = {isa = PBXFileReference; lastKnownFileType = sourcecode.swift; path = TodayTests.swift; sourceTree = "<group>"; };
		A52E78152551D1FC002B8B9E /* Info.plist */ = {isa = PBXFileReference; lastKnownFileType = text.plist.xml; path = Info.plist; sourceTree = "<group>"; };
		A52E781A2551D1FC002B8B9E /* TodayUITests.xctest */ = {isa = PBXFileReference; explicitFileType = wrapper.cfbundle; includeInIndex = 0; path = TodayUITests.xctest; sourceTree = BUILT_PRODUCTS_DIR; };
		A52E781E2551D1FC002B8B9E /* TodayUITests.swift */ = {isa = PBXFileReference; lastKnownFileType = sourcecode.swift; path = TodayUITests.swift; sourceTree = "<group>"; };
		A52E78202551D1FC002B8B9E /* Info.plist */ = {isa = PBXFileReference; lastKnownFileType = text.plist.xml; path = Info.plist; sourceTree = "<group>"; };
/* End PBXFileReference section */

/* Begin PBXFrameworksBuildPhase section */
		A52E77F62551D1F9002B8B9E /* Frameworks */ = {
			isa = PBXFrameworksBuildPhase;
			buildActionMask = 2147483647;
			files = (
			);
			runOnlyForDeploymentPostprocessing = 0;
		};
		A52E780C2551D1FC002B8B9E /* Frameworks */ = {
			isa = PBXFrameworksBuildPhase;
			buildActionMask = 2147483647;
			files = (
			);
			runOnlyForDeploymentPostprocessing = 0;
		};
		A52E78172551D1FC002B8B9E /* Frameworks */ = {
			isa = PBXFrameworksBuildPhase;
			buildActionMask = 2147483647;
			files = (
			);
			runOnlyForDeploymentPostprocessing = 0;
		};
/* End PBXFrameworksBuildPhase section */

/* Begin PBXGroup section */
		A52E77F02551D1F9002B8B9E = {
			isa = PBXGroup;
			children = (
				A52E77FB2551D1F9002B8B9E /* Today */,
				A52E78122551D1FC002B8B9E /* TodayTests */,
				A52E781D2551D1FC002B8B9E /* TodayUITests */,
				A52E77FA2551D1F9002B8B9E /* Products */,
			);
			sourceTree = "<group>";
		};
		A52E77FA2551D1F9002B8B9E /* Products */ = {
			isa = PBXGroup;
			children = (
				A52E77F92551D1F9002B8B9E /* Today.app */,
				A52E780F2551D1FC002B8B9E /* TodayTests.xctest */,
				A52E781A2551D1FC002B8B9E /* TodayUITests.xctest */,
			);
			name = Products;
			sourceTree = "<group>";
		};
		A52E77FB2551D1F9002B8B9E /* Today */ = {
			isa = PBXGroup;
			children = (
				A52E77FC2551D1F9002B8B9E /* AppDelegate.swift */,
				A52E77FE2551D1F9002B8B9E /* SceneDelegate.swift */,
				A52E78002551D1F9002B8B9E /* ViewController.swift */,
				A52E78022551D1F9002B8B9E /* Main.storyboard */,
				A52E78052551D1FB002B8B9E /* Assets.xcassets */,
				A52E78072551D1FB002B8B9E /* LaunchScreen.storyboard */,
				A52E780A2551D1FB002B8B9E /* Info.plist */,
			);
			path = Today;
			sourceTree = "<group>";
		};
		A52E78122551D1FC002B8B9E /* TodayTests */ = {
			isa = PBXGroup;
			children = (
				A52E78132551D1FC002B8B9E /* TodayTests.swift */,
				A52E78152551D1FC002B8B9E /* Info.plist */,
			);
			path = TodayTests;
			sourceTree = "<group>";
		};
		A52E781D2551D1FC002B8B9E /* TodayUITests */ = {
			isa = PBXGroup;
			children = (
				A52E781E2551D1FC002B8B9E /* TodayUITests.swift */,
				A52E78202551D1FC002B8B9E /* Info.plist */,
			);
			path = TodayUITests;
			sourceTree = "<group>";
		};
/* End PBXGroup section */

/* Begin PBXNativeTarget section */
		A52E77F82551D1F9002B8B9E /* Today */ = {
			isa = PBXNativeTarget;
			buildConfigurationList = A52E78232551D1FC002B8B9E /* Build configuration list for PBXNativeTarget "Today" */;
			buildPhases = (
				A52E77F52551D1F9002B8B9E /* Sources */,
				A52E77F62551D1F9002B8B9E /* Frameworks */,
				A52E77F72551D1F9002B8B9E /* Resources */,
			);
			buildRules = (
			);
			dependencies = (
			);
			name = Today;
			productName = Today;
			productReference = A52E77F92551D1F9002B8B9E /* Today.app */;
			productType = "com.apple.product-type.application";
		};
		A52E780E2551D1FC002B8B9E /* TodayTests */ = {
			isa = PBXNativeTarget;
			buildConfigurationList = A52E78262551D1FC002B8B9E /* Build configuration list for PBXNativeTarget "TodayTests" */;
			buildPhases = (
				A52E780B2551D1FC002B8B9E /* Sources */,
				A52E780C2551D1FC002B8B9E /* Frameworks */,
				A52E780D2551D1FC002B8B9E /* Resources */,
			);
			buildRules = (
			);
			dependencies = (
				A52E78112551D1FC002B8B9E /* PBXTargetDependency */,
			);
			name = TodayTests;
			productName = TodayTests;
			productReference = A52E780F2551D1FC002B8B9E /* TodayTests.xctest */;
			productType = "com.apple.product-type.bundle.unit-test";
		};
		A52E78192551D1FC002B8B9E /* TodayUITests */ = {
			isa = PBXNativeTarget;
			buildConfigurationList = A52E78292551D1FC002B8B9E /* Build configuration list for PBXNativeTarget "TodayUITests" */;
			buildPhases = (
				A52E78162551D1FC002B8B9E /* Sources */,
				A52E78172551D1FC002B8B9E /* Frameworks */,
				A52E78182551D1FC002B8B9E /* Resources */,
			);
			buildRules = (
			);
			dependencies = (
				A52E781C2551D1FC002B8B9E /* PBXTargetDependency */,
			);
			name = TodayUITests;
			productName = TodayUITests;
			productReference = A52E781A2551D1FC002B8B9E /* TodayUITests.xctest */;
			productType = "com.apple.product-type.bundle.ui-testing";
		};
/* End PBXNativeTarget section */

/* Begin PBXProject section */
		A52E77F12551D1F9002B8B9E /* Project object */ = {
			isa = PBXProject;
			attributes = {
				LastSwiftUpdateCheck = 1200;
				LastUpgradeCheck = 1200;
				TargetAttributes = {
					A52E77F82551D1F9002B8B9E = {
						CreatedOnToolsVersion = 12.0.1;
					};
					A52E780E2551D1FC002B8B9E = {
						CreatedOnToolsVersion = 12.0.1;
						TestTargetID = A52E77F82551D1F9002B8B9E;
					};
					A52E78192551D1FC002B8B9E = {
						CreatedOnToolsVersion = 12.0.1;
						TestTargetID = A52E77F82551D1F9002B8B9E;
					};
				};
			};
			buildConfigurationList = A52E77F42551D1F9002B8B9E /* Build configuration list for PBXProject "Today" */;
			compatibilityVersion = "Xcode 9.3";
			developmentRegion = en;
			hasScannedForEncodings = 0;
			knownRegions = (
				en,
				Base,
			);
			mainGroup = A52E77F02551D1F9002B8B9E;
			productRefGroup = A52E77FA2551D1F9002B8B9E /* Products */;
			projectDirPath = "";
			projectRoot = "";
			targets = (
				A52E77F82551D1F9002B8B9E /* Today */,
				A52E780E2551D1FC002B8B9E /* TodayTests */,
				A52E78192551D1FC002B8B9E /* TodayUITests */,
			);
		};
/* End PBXProject section */

/* Begin PBXResourcesBuildPhase section */
		A52E77F72551D1F9002B8B9E /* Resources */ = {
			isa = PBXResourcesBuildPhase;
			buildActionMask = 2147483647;
			files = (
				A52E78092551D1FB002B8B9E /* LaunchScreen.storyboard in Resources */,
				A52E78062551D1FB002B8B9E /* Assets.xcassets in Resources */,
				A52E78042551D1F9002B8B9E /* Main.storyboard in Resources */,
			);
			runOnlyForDeploymentPostprocessing = 0;
		};
		A52E780D2551D1FC002B8B9E /* Resources */ = {
			isa = PBXResourcesBuildPhase;
			buildActionMask = 2147483647;
			files = (
			);
			runOnlyForDeploymentPostprocessing = 0;
		};
		A52E78182551D1FC002B8B9E /* Resources */ = {
			isa = PBXResourcesBuildPhase;
			buildActionMask = 2147483647;
			files = (
			);
			runOnlyForDeploymentPostprocessing = 0;
		};
/* End PBXResourcesBuildPhase section */

/* Begin PBXSourcesBuildPhase section */
		A52E77F52551D1F9002B8B9E /* Sources */ = {
			isa = PBXSourcesBuildPhase;
			buildActionMask = 2147483647;
			files = (
				A52E78012551D1F9002B8B9E /* ViewController.swift in Sources */,
				A52E77FD2551D1F9002B8B9E /* AppDelegate.swift in Sources */,
				A52E77FF2551D1F9002B8B9E /* SceneDelegate.swift in Sources */,
			);
			runOnlyForDeploymentPostprocessing = 0;
		};
		A52E780B2551D1FC002B8B9E /* Sources */ = {
			isa = PBXSourcesBuildPhase;
			buildActionMask = 2147483647;
			files = (
				A52E78142551D1FC002B8B9E /* TodayTests.swift in Sources */,
			);
			runOnlyForDeploymentPostprocessing = 0;
		};
		A52E78162551D1FC002B8B9E /* Sources */ = {
			isa = PBXSourcesBuildPhase;
			buildActionMask = 2147483647;
			files = (
				A52E781F2551D1FC002B8B9E /* TodayUITests.swift in Sources */,
			);
			runOnlyForDeploymentPostprocessing = 0;
		};
/* End PBXSourcesBuildPhase section */

/* Begin PBXTargetDependency section */
		A52E78112551D1FC002B8B9E /* PBXTargetDependency */ = {
			isa = PBXTargetDependency;
			target = A52E77F82551D1F9002B8B9E /* Today */;
			targetProxy = A52E78102551D1FC002B8B9E /* PBXContainerItemProxy */;
		};
		A52E781C2551D1FC002B8B9E /* PBXTargetDependency */ = {
			isa = PBXTargetDependency;
			target = A52E77F82551D1F9002B8B9E /* Today */;
			targetProxy = A52E781B2551D1FC002B8B9E /* PBXContainerItemProxy */;
		};
/* End PBXTargetDependency section */

/* Begin PBXVariantGroup section */
		A52E78022551D1F9002B8B9E /* Main.storyboard */ = {
			isa = PBXVariantGroup;
			children = (
				A52E78032551D1F9002B8B9E /* Base */,
			);
			name = Main.storyboard;
			sourceTree = "<group>";
		};
		A52E78072551D1FB002B8B9E /* LaunchScreen.storyboard */ = {
			isa = PBXVariantGroup;
			children = (
				A52E78082551D1FB002B8B9E /* Base */,
			);
			name = LaunchScreen.storyboard;
			sourceTree = "<group>";
		};
/* End PBXVariantGroup section */

/* Begin XCBuildConfiguration section */
		A52E78212551D1FC002B8B9E /* Debug */ = {
			isa = XCBuildConfiguration;
			buildSettings = {
				ALWAYS_SEARCH_USER_PATHS = NO;
				CLANG_ANALYZER_NONNULL = YES;
				CLANG_ANALYZER_NUMBER_OBJECT_CONVERSION = YES_AGGRESSIVE;
				CLANG_CXX_LANGUAGE_STANDARD = "gnu++14";
				CLANG_CXX_LIBRARY = "libc++";
				CLANG_ENABLE_MODULES = YES;
				CLANG_ENABLE_OBJC_ARC = YES;
				CLANG_ENABLE_OBJC_WEAK = YES;
				CLANG_WARN_BLOCK_CAPTURE_AUTORELEASING = YES;
				CLANG_WARN_BOOL_CONVERSION = YES;
				CLANG_WARN_COMMA = YES;
				CLANG_WARN_CONSTANT_CONVERSION = YES;
				CLANG_WARN_DEPRECATED_OBJC_IMPLEMENTATIONS = YES;
				CLANG_WARN_DIRECT_OBJC_ISA_USAGE = YES_ERROR;
				CLANG_WARN_DOCUMENTATION_COMMENTS = YES;
				CLANG_WARN_EMPTY_BODY = YES;
				CLANG_WARN_ENUM_CONVERSION = YES;
				CLANG_WARN_INFINITE_RECURSION = YES;
				CLANG_WARN_INT_CONVERSION = YES;
				CLANG_WARN_NON_LITERAL_NULL_CONVERSION = YES;
				CLANG_WARN_OBJC_IMPLICIT_RETAIN_SELF = YES;
				CLANG_WARN_OBJC_LITERAL_CONVERSION = YES;
				CLANG_WARN_OBJC_ROOT_CLASS = YES_ERROR;
				CLANG_WARN_QUOTED_INCLUDE_IN_FRAMEWORK_HEADER = YES;
				CLANG_WARN_RANGE_LOOP_ANALYSIS = YES;
				CLANG_WARN_STRICT_PROTOTYPES = YES;
				CLANG_WARN_SUSPICIOUS_MOVE = YES;
				CLANG_WARN_UNGUARDED_AVAILABILITY = YES_AGGRESSIVE;
				CLANG_WARN_UNREACHABLE_CODE = YES;
				CLANG_WARN__DUPLICATE_METHOD_MATCH = YES;
				COPY_PHASE_STRIP = NO;
				DEBUG_INFORMATION_FORMAT = dwarf;
				ENABLE_STRICT_OBJC_MSGSEND = YES;
				ENABLE_TESTABILITY = YES;
				GCC_C_LANGUAGE_STANDARD = gnu11;
				GCC_DYNAMIC_NO_PIC = NO;
				GCC_NO_COMMON_BLOCKS = YES;
				GCC_OPTIMIZATION_LEVEL = 0;
				GCC_PREPROCESSOR_DEFINITIONS = (
					"DEBUG=1",
					"$(inherited)",
				);
				GCC_WARN_64_TO_32_BIT_CONVERSION = YES;
				GCC_WARN_ABOUT_RETURN_TYPE = YES_ERROR;
				GCC_WARN_UNDECLARED_SELECTOR = YES;
				GCC_WARN_UNINITIALIZED_AUTOS = YES_AGGRESSIVE;
				GCC_WARN_UNUSED_FUNCTION = YES;
				GCC_WARN_UNUSED_VARIABLE = YES;
				IPHONEOS_DEPLOYMENT_TARGET = 14.0;
				MTL_ENABLE_DEBUG_INFO = INCLUDE_SOURCE;
				MTL_FAST_MATH = YES;
				ONLY_ACTIVE_ARCH = YES;
				SDKROOT = iphoneos;
				SWIFT_ACTIVE_COMPILATION_CONDITIONS = DEBUG;
				SWIFT_OPTIMIZATION_LEVEL = "-Onone";
			};
			name = Debug;
		};
		A52E78222551D1FC002B8B9E /* Release */ = {
			isa = XCBuildConfiguration;
			buildSettings = {
				ALWAYS_SEARCH_USER_PATHS = NO;
				CLANG_ANALYZER_NONNULL = YES;
				CLANG_ANALYZER_NUMBER_OBJECT_CONVERSION = YES_AGGRESSIVE;
				CLANG_CXX_LANGUAGE_STANDARD = "gnu++14";
				CLANG_CXX_LIBRARY = "libc++";
				CLANG_ENABLE_MODULES = YES;
				CLANG_ENABLE_OBJC_ARC = YES;
				CLANG_ENABLE_OBJC_WEAK = YES;
				CLANG_WARN_BLOCK_CAPTURE_AUTORELEASING = YES;
				CLANG_WARN_BOOL_CONVERSION = YES;
				CLANG_WARN_COMMA = YES;
				CLANG_WARN_CONSTANT_CONVERSION = YES;
				CLANG_WARN_DEPRECATED_OBJC_IMPLEMENTATIONS = YES;
				CLANG_WARN_DIRECT_OBJC_ISA_USAGE = YES_ERROR;
				CLANG_WARN_DOCUMENTATION_COMMENTS = YES;
				CLANG_WARN_EMPTY_BODY = YES;
				CLANG_WARN_ENUM_CONVERSION = YES;
				CLANG_WARN_INFINITE_RECURSION = YES;
				CLANG_WARN_INT_CONVERSION = YES;
				CLANG_WARN_NON_LITERAL_NULL_CONVERSION = YES;
				CLANG_WARN_OBJC_IMPLICIT_RETAIN_SELF = YES;
				CLANG_WARN_OBJC_LITERAL_CONVERSION = YES;
				CLANG_WARN_OBJC_ROOT_CLASS = YES_ERROR;
				CLANG_WARN_QUOTED_INCLUDE_IN_FRAMEWORK_HEADER = YES;
				CLANG_WARN_RANGE_LOOP_ANALYSIS = YES;
				CLANG_WARN_STRICT_PROTOTYPES = YES;
				CLANG_WARN_SUSPICIOUS_MOVE = YES;
				CLANG_WARN_UNGUARDED_AVAILABILITY = YES_AGGRESSIVE;
				CLANG_WARN_UNREACHABLE_CODE = YES;
				CLANG_WARN__DUPLICATE_METHOD_MATCH = YES;
				COPY_PHASE_STRIP = NO;
				DEBUG_INFORMATION_FORMAT = "dwarf-with-dsym";
				ENABLE_NS_ASSERTIONS = NO;
				ENABLE_STRICT_OBJC_MSGSEND = YES;
				GCC_C_LANGUAGE_STANDARD = gnu11;
				GCC_NO_COMMON_BLOCKS = YES;
				GCC_WARN_64_TO_32_BIT_CONVERSION = YES;
				GCC_WARN_ABOUT_RETURN_TYPE = YES_ERROR;
				GCC_WARN_UNDECLARED_SELECTOR = YES;
				GCC_WARN_UNINITIALIZED_AUTOS = YES_AGGRESSIVE;
				GCC_WARN_UNUSED_FUNCTION = YES;
				GCC_WARN_UNUSED_VARIABLE = YES;
				IPHONEOS_DEPLOYMENT_TARGET = 14.0;
				MTL_ENABLE_DEBUG_INFO = NO;
				MTL_FAST_MATH = YES;
				SDKROOT = iphoneos;
				SWIFT_COMPILATION_MODE = wholemodule;
				SWIFT_OPTIMIZATION_LEVEL = "-O";
				VALIDATE_PRODUCT = YES;
			};
			name = Release;
		};
		A52E78242551D1FC002B8B9E /* Debug */ = {
			isa = XCBuildConfiguration;
			buildSettings = {
				ASSETCATALOG_COMPILER_APPICON_NAME = AppIcon;
				ASSETCATALOG_COMPILER_GLOBAL_ACCENT_COLOR_NAME = AccentColor;
				CODE_SIGN_STYLE = Automatic;
				DEVELOPMENT_TEAM = 8DVPBU48G3;
				INFOPLIST_FILE = Today/Info.plist;
				LD_RUNPATH_SEARCH_PATHS = (
					"$(inherited)",
					"@executable_path/Frameworks",
				);
				PRODUCT_BUNDLE_IDENTIFIER = com.distillery.Today;
				PRODUCT_NAME = "$(TARGET_NAME)";
				SWIFT_VERSION = 5.0;
				TARGETED_DEVICE_FAMILY = "1,2";
			};
			name = Debug;
		};
		A52E78252551D1FC002B8B9E /* Release */ = {
			isa = XCBuildConfiguration;
			buildSettings = {
				ASSETCATALOG_COMPILER_APPICON_NAME = AppIcon;
				ASSETCATALOG_COMPILER_GLOBAL_ACCENT_COLOR_NAME = AccentColor;
				CODE_SIGN_STYLE = Automatic;
				DEVELOPMENT_TEAM = 8DVPBU48G3;
				INFOPLIST_FILE = Today/Info.plist;
				LD_RUNPATH_SEARCH_PATHS = (
					"$(inherited)",
					"@executable_path/Frameworks",
				);
				PRODUCT_BUNDLE_IDENTIFIER = com.distillery.Today;
				PRODUCT_NAME = "$(TARGET_NAME)";
				SWIFT_VERSION = 5.0;
				TARGETED_DEVICE_FAMILY = "1,2";
			};
			name = Release;
		};
		A52E78272551D1FC002B8B9E /* Debug */ = {
			isa = XCBuildConfiguration;
			buildSettings = {
				ALWAYS_EMBED_SWIFT_STANDARD_LIBRARIES = YES;
				BUNDLE_LOADER = "$(TEST_HOST)";
				CODE_SIGN_STYLE = Automatic;
				DEVELOPMENT_TEAM = 8DVPBU48G3;
				INFOPLIST_FILE = TodayTests/Info.plist;
				IPHONEOS_DEPLOYMENT_TARGET = 14.0;
				LD_RUNPATH_SEARCH_PATHS = (
					"$(inherited)",
					"@executable_path/Frameworks",
					"@loader_path/Frameworks",
				);
				PRODUCT_BUNDLE_IDENTIFIER = com.distillery.TodayTests;
				PRODUCT_NAME = "$(TARGET_NAME)";
				SWIFT_VERSION = 5.0;
				TARGETED_DEVICE_FAMILY = "1,2";
				TEST_HOST = "$(BUILT_PRODUCTS_DIR)/Today.app/Today";
			};
			name = Debug;
		};
		A52E78282551D1FC002B8B9E /* Release */ = {
			isa = XCBuildConfiguration;
			buildSettings = {
				ALWAYS_EMBED_SWIFT_STANDARD_LIBRARIES = YES;
				BUNDLE_LOADER = "$(TEST_HOST)";
				CODE_SIGN_STYLE = Automatic;
				DEVELOPMENT_TEAM = 8DVPBU48G3;
				INFOPLIST_FILE = TodayTests/Info.plist;
				IPHONEOS_DEPLOYMENT_TARGET = 14.0;
				LD_RUNPATH_SEARCH_PATHS = (
					"$(inherited)",
					"@executable_path/Frameworks",
					"@loader_path/Frameworks",
				);
				PRODUCT_BUNDLE_IDENTIFIER = com.distillery.TodayTests;
				PRODUCT_NAME = "$(TARGET_NAME)";
				SWIFT_VERSION = 5.0;
				TARGETED_DEVICE_FAMILY = "1,2";
				TEST_HOST = "$(BUILT_PRODUCTS_DIR)/Today.app/Today";
			};
			name = Release;
		};
		A52E782A2551D1FC002B8B9E /* Debug */ = {
			isa = XCBuildConfiguration;
			buildSettings = {
				ALWAYS_EMBED_SWIFT_STANDARD_LIBRARIES = YES;
				CODE_SIGN_STYLE = Automatic;
				DEVELOPMENT_TEAM = 8DVPBU48G3;
				INFOPLIST_FILE = TodayUITests/Info.plist;
				LD_RUNPATH_SEARCH_PATHS = (
					"$(inherited)",
					"@executable_path/Frameworks",
					"@loader_path/Frameworks",
				);
				PRODUCT_BUNDLE_IDENTIFIER = com.distillery.TodayUITests;
				PRODUCT_NAME = "$(TARGET_NAME)";
				SWIFT_VERSION = 5.0;
				TARGETED_DEVICE_FAMILY = "1,2";
				TEST_TARGET_NAME = Today;
			};
			name = Debug;
		};
		A52E782B2551D1FC002B8B9E /* Release */ = {
			isa = XCBuildConfiguration;
			buildSettings = {
				ALWAYS_EMBED_SWIFT_STANDARD_LIBRARIES = YES;
				CODE_SIGN_STYLE = Automatic;
				DEVELOPMENT_TEAM = 8DVPBU48G3;
				INFOPLIST_FILE = TodayUITests/Info.plist;
				LD_RUNPATH_SEARCH_PATHS = (
					"$(inherited)",
					"@executable_path/Frameworks",
					"@loader_path/Frameworks",
				);
				PRODUCT_BUNDLE_IDENTIFIER = com.distillery.TodayUITests;
				PRODUCT_NAME = "$(TARGET_NAME)";
				SWIFT_VERSION = 5.0;
				TARGETED_DEVICE_FAMILY = "1,2";
				TEST_TARGET_NAME = Today;
			};
			name = Release;
		};
/* End XCBuildConfiguration section */

/* Begin XCConfigurationList section */
		A52E77F42551D1F9002B8B9E /* Build configuration list for PBXProject "Today" */ = {
			isa = XCConfigurationList;
			buildConfigurations = (
				A52E78212551D1FC002B8B9E /* Debug */,
				A52E78222551D1FC002B8B9E /* Release */,
			);
			defaultConfigurationIsVisible = 0;
			defaultConfigurationName = Release;
		};
		A52E78232551D1FC002B8B9E /* Build configuration list for PBXNativeTarget "Today" */ = {
			isa = XCConfigurationList;
			buildConfigurations = (
				A52E78242551D1FC002B8B9E /* Debug */,
				A52E78252551D1FC002B8B9E /* Release */,
			);
			defaultConfigurationIsVisible = 0;
			defaultConfigurationName = Release;
		};
		A52E78262551D1FC002B8B9E /* Build configuration list for PBXNativeTarget "TodayTests" */ = {
			isa = XCConfigurationList;
			buildConfigurations = (
				A52E78272551D1FC002B8B9E /* Debug */,
				A52E78282551D1FC002B8B9E /* Release */,
			);
			defaultConfigurationIsVisible = 0;
			defaultConfigurationName = Release;
		};
		A52E78292551D1FC002B8B9E /* Build configuration list for PBXNativeTarget "TodayUITests" */ = {
			isa = XCConfigurationList;
			buildConfigurations = (
				A52E782A2551D1FC002B8B9E /* Debug */,
				A52E782B2551D1FC002B8B9E /* Release */,
			);
			defaultConfigurationIsVisible = 0;
			defaultConfigurationName = Release;
		};
/* End XCConfigurationList section */
	};
	rootObject = A52E77F12551D1F9002B8B9E /* Project object */;
}
